
Microsoft Visual Studio Solution File, Format Version 12.00
# Visual Studio Version 17
VisualStudioVersion = 17.0.31903.59
MinimumVisualStudioVersion = 10.0.40219.1
Project("{9A19103F-16F7-4668-BE54-9A1E7A4F7556}") = "Keycloak.Net.Authentication", "src\Keycloak.Net.Authentication\Keycloak.Net.Authentication.csproj", "{BD389518-C4C3-4668-BB6E-6780BC5825D9}"
EndProject
Project("{9A19103F-16F7-4668-BE54-9A1E7A4F7556}") = "Keycloak.Net.Authentication.Api", "samples\Keycloak.Net.Authentication.Api\Keycloak.Net.Authentication.Api.csproj", "{0A9282DC-4DE7-4F3C-A98B-639DFA615FD8}"
EndProject
Project("{9A19103F-16F7-4668-BE54-9A1E7A4F7556}") = "Keycloak.Net.Authentication.Test", "tests\UnitTest\Keycloak.Net.Authentication.Test\Keycloak.Net.Authentication.Test.csproj", "{9173305A-F7EE-44EC-8BE0-F00F83671DD3}"
EndProject
Project("{9A19103F-16F7-4668-BE54-9A1E7A4F7556}") = "Keycloak.Net.Authentication.MinimalApi", "samples\Keycloak.Net.Authentication.MinimalApi\Keycloak.Net.Authentication.MinimalApi.csproj", "{D3E1F51E-E471-4B21-82B8-754A87FCE480}"
EndProject
Project("{9A19103F-16F7-4668-BE54-9A1E7A4F7556}") = "Keycloak.Net.Authorization", "src\Keycloak.Net.Authorization\Keycloak.Net.Authorization.csproj", "{42DCCD28-AEC9-41B4-84AC-7C71F97F28E3}"
EndProject
Project("{9A19103F-16F7-4668-BE54-9A1E7A4F7556}") = "Keycloak.Net.User.Apis", "src\Keycloak.Net.User.Apis\Keycloak.Net.User.Apis.csproj", "{7BBFAA80-48BF-4D7B-9F7B-CEBFA9ABADE9}"
EndProject
Project("{9A19103F-16F7-4668-BE54-9A1E7A4F7556}") = "Keycloak.Net.FluentApi", "src\Keycloak.Net.FluentApi\Keycloak.Net.FluentApi.csproj", "{F804CA23-2068-4742-9FB3-CEBE9D69E56C}"
EndProject
Project("{FAE04EC0-301F-11D3-BF4B-00C04F79EFBC}") = "Keycloak.Net.User.Apis.Tests", "tests\Keycloak.Net.User.Apis.Tests\Keycloak.Net.User.Apis.Tests.csproj", "{5E52918A-D08F-4BC3-BC6C-F92F6366C226}"
EndProject
Global
	GlobalSection(SolutionConfigurationPlatforms) = preSolution
		Debug|Any CPU = Debug|Any CPU
		Release|Any CPU = Release|Any CPU
	EndGlobalSection
	GlobalSection(ProjectConfigurationPlatforms) = postSolution
		{BD389518-C4C3-4668-BB6E-6780BC5825D9}.Debug|Any CPU.ActiveCfg = Debug|Any CPU
		{BD389518-C4C3-4668-BB6E-6780BC5825D9}.Debug|Any CPU.Build.0 = Debug|Any CPU
		{BD389518-C4C3-4668-BB6E-6780BC5825D9}.Release|Any CPU.ActiveCfg = Release|Any CPU
		{BD389518-C4C3-4668-BB6E-6780BC5825D9}.Release|Any CPU.Build.0 = Release|Any CPU
		{0A9282DC-4DE7-4F3C-A98B-639DFA615FD8}.Debug|Any CPU.ActiveCfg = Debug|Any CPU
		{0A9282DC-4DE7-4F3C-A98B-639DFA615FD8}.Debug|Any CPU.Build.0 = Debug|Any CPU
		{0A9282DC-4DE7-4F3C-A98B-639DFA615FD8}.Release|Any CPU.ActiveCfg = Release|Any CPU
		{0A9282DC-4DE7-4F3C-A98B-639DFA615FD8}.Release|Any CPU.Build.0 = Release|Any CPU
		{9173305A-F7EE-44EC-8BE0-F00F83671DD3}.Debug|Any CPU.ActiveCfg = Debug|Any CPU
		{9173305A-F7EE-44EC-8BE0-F00F83671DD3}.Debug|Any CPU.Build.0 = Debug|Any CPU
		{9173305A-F7EE-44EC-8BE0-F00F83671DD3}.Release|Any CPU.ActiveCfg = Release|Any CPU
		{9173305A-F7EE-44EC-8BE0-F00F83671DD3}.Release|Any CPU.Build.0 = Release|Any CPU
		{D3E1F51E-E471-4B21-82B8-754A87FCE480}.Debug|Any CPU.ActiveCfg = Debug|Any CPU
		{D3E1F51E-E471-4B21-82B8-754A87FCE480}.Debug|Any CPU.Build.0 = Debug|Any CPU
		{D3E1F51E-E471-4B21-82B8-754A87FCE480}.Release|Any CPU.ActiveCfg = Release|Any CPU
		{D3E1F51E-E471-4B21-82B8-754A87FCE480}.Release|Any CPU.Build.0 = Release|Any CPU
		{42DCCD28-AEC9-41B4-84AC-7C71F97F28E3}.Debug|Any CPU.ActiveCfg = Debug|Any CPU
		{42DCCD28-AEC9-41B4-84AC-7C71F97F28E3}.Debug|Any CPU.Build.0 = Debug|Any CPU
		{42DCCD28-AEC9-41B4-84AC-7C71F97F28E3}.Release|Any CPU.ActiveCfg = Release|Any CPU
		{42DCCD28-AEC9-41B4-84AC-7C71F97F28E3}.Release|Any CPU.Build.0 = Release|Any CPU
		{7BBFAA80-48BF-4D7B-9F7B-CEBFA9ABADE9}.Debug|Any CPU.ActiveCfg = Debug|Any CPU
		{7BBFAA80-48BF-4D7B-9F7B-CEBFA9ABADE9}.Debug|Any CPU.Build.0 = Debug|Any CPU
		{7BBFAA80-48BF-4D7B-9F7B-CEBFA9ABADE9}.Release|Any CPU.ActiveCfg = Release|Any CPU
		{7BBFAA80-48BF-4D7B-9F7B-CEBFA9ABADE9}.Release|Any CPU.Build.0 = Release|Any CPU
		{F804CA23-2068-4742-9FB3-CEBE9D69E56C}.Debug|Any CPU.ActiveCfg = Debug|Any CPU
		{F804CA23-2068-4742-9FB3-CEBE9D69E56C}.Debug|Any CPU.Build.0 = Debug|Any CPU
		{F804CA23-2068-4742-9FB3-CEBE9D69E56C}.Release|Any CPU.ActiveCfg = Release|Any CPU
		{F804CA23-2068-4742-9FB3-CEBE9D69E56C}.Release|Any CPU.Build.0 = Release|Any CPU
		{5E52918A-D08F-4BC3-BC6C-F92F6366C226}.Debug|Any CPU.ActiveCfg = Debug|Any CPU
		{5E52918A-D08F-4BC3-BC6C-F92F6366C226}.Debug|Any CPU.Build.0 = Debug|Any CPU
		{5E52918A-D08F-4BC3-BC6C-F92F6366C226}.Release|Any CPU.ActiveCfg = Release|Any CPU
		{5E52918A-D08F-4BC3-BC6C-F92F6366C226}.Release|Any CPU.Build.0 = Release|Any CPU
	EndGlobalSection
	GlobalSection(SolutionProperties) = preSolution
		HideSolutionNode = FALSE
	EndGlobalSection
	GlobalSection(ExtensibilityGlobals) = postSolution
		SolutionGuid = {08DCD5A1-D420-41C1-B527-D296908D844C}
	EndGlobalSection
EndGlobal
